
Microsoft Visual Studio Solution File, Format Version 12.00
# Visual Studio Version 17
VisualStudioVersion = 17.13.35919.96
MinimumVisualStudioVersion = 10.0.40219.1
Project("{2150E333-8FDC-42A3-9474-1A3956D46DE8}") = "APIs", "APIs", "{02EA681E-C7D8-13C7-8484-4AC65E1B71E8}"
EndProject
Project("{2150E333-8FDC-42A3-9474-1A3956D46DE8}") = "Core", "Core", "{9675A092-EDE5-4D68-A9A9-1DD6C505FED5}"
EndProject
Project("{2150E333-8FDC-42A3-9474-1A3956D46DE8}") = "Backend", "Backend", "{0C465A8F-2A35-42F9-8631-28A2F982D49E}"
EndProject
Project("{2150E333-8FDC-42A3-9474-1A3956D46DE8}") = "Presentation", "Presentation", "{2AA59634-0F01-45E5-82C7-8073FB7D5AC2}"
EndProject
Project("{FAE04EC0-301F-11D3-BF4B-00C04F79EFBC}") = "WaxWorx.UI", "WaxWorx.UI\WaxWorx.UI.csproj", "{4FCFC8C6-4215-5772-24C6-A24A2DF6BEBF}"
EndProject
Project("{FAE04EC0-301F-11D3-BF4B-00C04F79EFBC}") = "WaxWorx.Contracts", "WaxWorx.Contracts\WaxWorx.Contracts.csproj", "{08D6AF8F-1832-F932-A163-CEC828986E50}"
EndProject
Project("{FAE04EC0-301F-11D3-BF4B-00C04F79EFBC}") = "WaxWorx.Core", "WaxWorx.Core\WaxWorx.Core.csproj", "{B4F29C66-0564-CE83-B192-590F95B4DB6A}"
EndProject
Project("{FAE04EC0-301F-11D3-BF4B-00C04F79EFBC}") = "WaxWorx.CoverArtApi", "WaxWorx.CoverArtApi\WaxWorx.CoverArtApi.csproj", "{29CEAE4B-446E-CF53-F514-3279D8B7F3C6}"
EndProject
Project("{FAE04EC0-301F-11D3-BF4B-00C04F79EFBC}") = "WaxWorx.Data", "WaxWorx.Data\WaxWorx.Data.csproj", "{BB2B60DF-5B71-F453-C006-7CE55728734D}"
EndProject
Project("{FAE04EC0-301F-11D3-BF4B-00C04F79EFBC}") = "WaxWorx.Models", "WaxWorx.Models\WaxWorx.Models.csproj", "{FA245D61-542C-28DA-C0F7-4715EE37326E}"
EndProject
Project("{FAE04EC0-301F-11D3-BF4B-00C04F79EFBC}") = "WaxWorx.MusicBrainzApi", "WaxWorx.MusicBrainzApi\WaxWorx.MusicBrainzApi.csproj", "{BDC52661-EA56-E7F7-375D-7E4541A82BD5}"
EndProject
Project("{FAE04EC0-301F-11D3-BF4B-00C04F79EFBC}") = "WaxWorx.Services", "WaxWorx.Services\WaxWorx.Services.csproj", "{ACC47E05-E7F0-370C-BA18-F3EA6238229E}"
EndProject
Project("{FAE04EC0-301F-11D3-BF4B-00C04F79EFBC}") = "WaxWorx.Shared", "WaxWorx.Shared\WaxWorx.Shared.csproj", "{35EE68E7-6D09-577C-9D1A-C2B1BAA75438}"
EndProject
Global
	GlobalSection(SolutionConfigurationPlatforms) = preSolution
		Debug|Any CPU = Debug|Any CPU
		Release|Any CPU = Release|Any CPU
	EndGlobalSection
	GlobalSection(ProjectConfigurationPlatforms) = postSolution
		{4FCFC8C6-4215-5772-24C6-A24A2DF6BEBF}.Debug|Any CPU.ActiveCfg = Debug|Any CPU
		{4FCFC8C6-4215-5772-24C6-A24A2DF6BEBF}.Debug|Any CPU.Build.0 = Debug|Any CPU
		{4FCFC8C6-4215-5772-24C6-A24A2DF6BEBF}.Release|Any CPU.ActiveCfg = Release|Any CPU
		{4FCFC8C6-4215-5772-24C6-A24A2DF6BEBF}.Release|Any CPU.Build.0 = Release|Any CPU
		{08D6AF8F-1832-F932-A163-CEC828986E50}.Debug|Any CPU.ActiveCfg = Debug|Any CPU
		{08D6AF8F-1832-F932-A163-CEC828986E50}.Debug|Any CPU.Build.0 = Debug|Any CPU
		{08D6AF8F-1832-F932-A163-CEC828986E50}.Release|Any CPU.ActiveCfg = Release|Any CPU
		{08D6AF8F-1832-F932-A163-CEC828986E50}.Release|Any CPU.Build.0 = Release|Any CPU
		{B4F29C66-0564-CE83-B192-590F95B4DB6A}.Debug|Any CPU.ActiveCfg = Debug|Any CPU
		{B4F29C66-0564-CE83-B192-590F95B4DB6A}.Debug|Any CPU.Build.0 = Debug|Any CPU
		{B4F29C66-0564-CE83-B192-590F95B4DB6A}.Release|Any CPU.ActiveCfg = Release|Any CPU
		{B4F29C66-0564-CE83-B192-590F95B4DB6A}.Release|Any CPU.Build.0 = Release|Any CPU
		{29CEAE4B-446E-CF53-F514-3279D8B7F3C6}.Debug|Any CPU.ActiveCfg = Debug|Any CPU
		{29CEAE4B-446E-CF53-F514-3279D8B7F3C6}.Debug|Any CPU.Build.0 = Debug|Any CPU
		{29CEAE4B-446E-CF53-F514-3279D8B7F3C6}.Release|Any CPU.ActiveCfg = Release|Any CPU
		{29CEAE4B-446E-CF53-F514-3279D8B7F3C6}.Release|Any CPU.Build.0 = Release|Any CPU
		{BB2B60DF-5B71-F453-C006-7CE55728734D}.Debug|Any CPU.ActiveCfg = Debug|Any CPU
		{BB2B60DF-5B71-F453-C006-7CE55728734D}.Debug|Any CPU.Build.0 = Debug|Any CPU
		{BB2B60DF-5B71-F453-C006-7CE55728734D}.Release|Any CPU.ActiveCfg = Release|Any CPU
		{BB2B60DF-5B71-F453-C006-7CE55728734D}.Release|Any CPU.Build.0 = Release|Any CPU
		{FA245D61-542C-28DA-C0F7-4715EE37326E}.Debug|Any CPU.ActiveCfg = Debug|Any CPU
		{FA245D61-542C-28DA-C0F7-4715EE37326E}.Debug|Any CPU.Build.0 = Debug|Any CPU
		{FA245D61-542C-28DA-C0F7-4715EE37326E}.Release|Any CPU.ActiveCfg = Release|Any CPU
		{FA245D61-542C-28DA-C0F7-4715EE37326E}.Release|Any CPU.Build.0 = Release|Any CPU
		{BDC52661-EA56-E7F7-375D-7E4541A82BD5}.Debug|Any CPU.ActiveCfg = Debug|Any CPU
		{BDC52661-EA56-E7F7-375D-7E4541A82BD5}.Debug|Any CPU.Build.0 = Debug|Any CPU
		{BDC52661-EA56-E7F7-375D-7E4541A82BD5}.Release|Any CPU.ActiveCfg = Release|Any CPU
		{BDC52661-EA56-E7F7-375D-7E4541A82BD5}.Release|Any CPU.Build.0 = Release|Any CPU
		{ACC47E05-E7F0-370C-BA18-F3EA6238229E}.Debug|Any CPU.ActiveCfg = Debug|Any CPU
		{ACC47E05-E7F0-370C-BA18-F3EA6238229E}.Debug|Any CPU.Build.0 = Debug|Any CPU
		{ACC47E05-E7F0-370C-BA18-F3EA6238229E}.Release|Any CPU.ActiveCfg = Release|Any CPU
		{ACC47E05-E7F0-370C-BA18-F3EA6238229E}.Release|Any CPU.Build.0 = Release|Any CPU
		{35EE68E7-6D09-577C-9D1A-C2B1BAA75438}.Debug|Any CPU.ActiveCfg = Debug|Any CPU
		{35EE68E7-6D09-577C-9D1A-C2B1BAA75438}.Debug|Any CPU.Build.0 = Debug|Any CPU
		{35EE68E7-6D09-577C-9D1A-C2B1BAA75438}.Release|Any CPU.ActiveCfg = Release|Any CPU
		{35EE68E7-6D09-577C-9D1A-C2B1BAA75438}.Release|Any CPU.Build.0 = Release|Any CPU
	EndGlobalSection
	GlobalSection(SolutionProperties) = preSolution
		HideSolutionNode = FALSE
	EndGlobalSection
	GlobalSection(NestedProjects) = preSolution
		{4FCFC8C6-4215-5772-24C6-A24A2DF6BEBF} = {2AA59634-0F01-45E5-82C7-8073FB7D5AC2}
		{08D6AF8F-1832-F932-A163-CEC828986E50} = {9675A092-EDE5-4D68-A9A9-1DD6C505FED5}
		{B4F29C66-0564-CE83-B192-590F95B4DB6A} = {9675A092-EDE5-4D68-A9A9-1DD6C505FED5}
		{29CEAE4B-446E-CF53-F514-3279D8B7F3C6} = {02EA681E-C7D8-13C7-8484-4AC65E1B71E8}
		{BB2B60DF-5B71-F453-C006-7CE55728734D} = {0C465A8F-2A35-42F9-8631-28A2F982D49E}
		{FA245D61-542C-28DA-C0F7-4715EE37326E} = {9675A092-EDE5-4D68-A9A9-1DD6C505FED5}
		{BDC52661-EA56-E7F7-375D-7E4541A82BD5} = {02EA681E-C7D8-13C7-8484-4AC65E1B71E8}
		{ACC47E05-E7F0-370C-BA18-F3EA6238229E} = {9675A092-EDE5-4D68-A9A9-1DD6C505FED5}
		{35EE68E7-6D09-577C-9D1A-C2B1BAA75438} = {9675A092-EDE5-4D68-A9A9-1DD6C505FED5}
	EndGlobalSection
	GlobalSection(ExtensibilityGlobals) = postSolution
		SolutionGuid = {5C49673C-416C-414A-A619-0CC4D0441467}
	EndGlobalSection
EndGlobal
